
Microsoft Visual Studio Solution File, Format Version 12.00
# Visual Studio Version 17
VisualStudioVersion = 17.7.34009.444
MinimumVisualStudioVersion = 10.0.40219.1
Project("{9A19103F-16F7-4668-BE54-9A1E7A4F7556}") = "Zafiro.Avalonia.FileExplorer", "Zafiro.Avalonia.FileExplorer\Zafiro.Avalonia.FileExplorer.csproj", "{11A5F269-30CA-4919-9E4E-C2FF525D8280}"
EndProject
Project("{9A19103F-16F7-4668-BE54-9A1E7A4F7556}") = "Zafiro.Avalonia.FileExplorer.Sample", "Zafiro.Avalonia.FileExplorer.Sample\Zafiro.Avalonia.FileExplorer.Sample.csproj", "{5ADE49B1-666E-423B-A4AE-E19F0DC2546C}"
EndProject
Project("{9A19103F-16F7-4668-BE54-9A1E7A4F7556}") = "Zafiro.Avalonia.FileExplorer.Sample.Desktop", "Zafiro.Avalonia.FileExplorer.Sample.Desktop\Zafiro.Avalonia.FileExplorer.Sample.Desktop.csproj", "{6EA0ACF4-A372-453D-BD92-4E26AF63627D}"
EndProject
Global
	GlobalSection(SolutionConfigurationPlatforms) = preSolution
		Debug|Any CPU = Debug|Any CPU
		Release|Any CPU = Release|Any CPU
	EndGlobalSection
	GlobalSection(ProjectConfigurationPlatforms) = postSolution
		{11A5F269-30CA-4919-9E4E-C2FF525D8280}.Debug|Any CPU.ActiveCfg = Debug|Any CPU
		{11A5F269-30CA-4919-9E4E-C2FF525D8280}.Debug|Any CPU.Build.0 = Debug|Any CPU
		{11A5F269-30CA-4919-9E4E-C2FF525D8280}.Release|Any CPU.ActiveCfg = Release|Any CPU
		{11A5F269-30CA-4919-9E4E-C2FF525D8280}.Release|Any CPU.Build.0 = Release|Any CPU
		{5ADE49B1-666E-423B-A4AE-E19F0DC2546C}.Debug|Any CPU.ActiveCfg = Debug|Any CPU
		{5ADE49B1-666E-423B-A4AE-E19F0DC2546C}.Debug|Any CPU.Build.0 = Debug|Any CPU
		{5ADE49B1-666E-423B-A4AE-E19F0DC2546C}.Release|Any CPU.ActiveCfg = Release|Any CPU
		{5ADE49B1-666E-423B-A4AE-E19F0DC2546C}.Release|Any CPU.Build.0 = Release|Any CPU
		{6EA0ACF4-A372-453D-BD92-4E26AF63627D}.Debug|Any CPU.ActiveCfg = Debug|Any CPU
		{6EA0ACF4-A372-453D-BD92-4E26AF63627D}.Debug|Any CPU.Build.0 = Debug|Any CPU
		{6EA0ACF4-A372-453D-BD92-4E26AF63627D}.Release|Any CPU.ActiveCfg = Release|Any CPU
		{6EA0ACF4-A372-453D-BD92-4E26AF63627D}.Release|Any CPU.Build.0 = Release|Any CPU
	EndGlobalSection
	GlobalSection(SolutionProperties) = preSolution
		HideSolutionNode = FALSE
	EndGlobalSection
	GlobalSection(ExtensibilityGlobals) = postSolution
		SolutionGuid = {E443F7AA-DA18-46D4-BB37-D19F45E75749}
	EndGlobalSection
EndGlobal
